{
  "requires": true,
  "lockfileVersion": 1,
  "dependencies": {
    "@vkontakte/vk-connect": {
      "version": "1.6.9",
      "resolved": "https://registry.npmjs.org/@vkontakte/vk-connect/-/vk-connect-1.6.9.tgz",
      "integrity": "sha512-Kbl2FjX4XE8/9DIs0mApvQCAnsPjBfplwSSlSquedcn1jHBbzI1OW3Oev1qlY1chE4jhmOOECPJVlUYWAveYtg=="
    }
  }
}
